
Microsoft Visual Studio Solution File, Format Version 12.00
# Visual Studio 15
VisualStudioVersion = 15.0.27130.2036
MinimumVisualStudioVersion = 10.0.40219.1
Project("{2150E333-8FDC-42A3-9474-1A3956D46DE8}") = "基础设施", "基础设施", "{651E8C08-83AB-445F-BE58-160A7B592B46}"
EndProject
Project("{2150E333-8FDC-42A3-9474-1A3956D46DE8}") = "公共库", "公共库", "{443BBCE3-1C30-434D-B028-E46FC14C633E}"
EndProject
Project("{FAE04EC0-301F-11D3-BF4B-00C04F79EFBC}") = "WorkData.Util.RabbitMQ", "WorkData.Util.RabbitMQ\WorkData.Util.RabbitMQ.csproj", "{0A19D096-18E4-48F3-AF94-26463E32B47A}"
EndProject
Project("{FAE04EC0-301F-11D3-BF4B-00C04F79EFBC}") = "WorkData.Util.Redis", "WorkData.Util.Redis\WorkData.Util.Redis.csproj", "{8D5B2264-64A2-4568-9A45-6F84301750C5}"
EndProject
Project("{FAE04EC0-301F-11D3-BF4B-00C04F79EFBC}") = "WorkData.Util.Common", "WorkData.Util.Common\WorkData.Util.Common.csproj", "{7B0CBEB6-F32A-42A3-9BE0-D649CB0697D1}"
EndProject
Project("{FAE04EC0-301F-11D3-BF4B-00C04F79EFBC}") = "Customized.Dapper", "Dapper.Customize\Customized.Dapper.csproj", "{1541410F-E077-4C5B-B986-C4C630FBE9E0}"
EndProject
Project("{FAE04EC0-301F-11D3-BF4B-00C04F79EFBC}") = "WorkData", "WorkData\WorkData.csproj", "{3CDDBD8E-2737-4678-8BAF-B0A65465B5AD}"
EndProject
Project("{FAE04EC0-301F-11D3-BF4B-00C04F79EFBC}") = "WorkData.Service", "WorkData.Service\WorkData.Service.csproj", "{A5B5B324-6AFF-4AED-85F4-1E0A15F65B2E}"
EndProject
Project("{2150E333-8FDC-42A3-9474-1A3956D46DE8}") = "业务", "业务", "{E9497FED-3F89-47A9-BEE0-39C1E44293E9}"
EndProject
Project("{FAE04EC0-301F-11D3-BF4B-00C04F79EFBC}") = "WorkData.Service.Application", "WorkData.Service.Application\WorkData.Service.Application.csproj", "{CB267884-1ADF-4213-88CF-779F4D3C8217}"
EndProject
Project("{FAE04EC0-301F-11D3-BF4B-00C04F79EFBC}") = "WorkData.Service.Core", "WorkData.Service.Core\WorkData.Service.Core.csproj", "{A3DE45B8-605A-4675-B32E-F551E6894D9D}"
EndProject
Project("{FAE04EC0-301F-11D3-BF4B-00C04F79EFBC}") = "WorkData.Service.MessageTransfer", "WorkData.Service.MessageTransfer\WorkData.Service.MessageTransfer.csproj", "{098245F4-F80C-47C4-A1BE-2CB8B298CB6C}"
EndProject
Project("{FAE04EC0-301F-11D3-BF4B-00C04F79EFBC}") = "WorkData.CallBack", "WorkData.CallBack\WorkData.CallBack.csproj", "{723F014F-413F-4BBF-A853-DAD08E64A210}"
EndProject
Project("{FAE04EC0-301F-11D3-BF4B-00C04F79EFBC}") = "WorkData.NancyHost", "WorkData.NancyHost\WorkData.NancyHost.csproj", "{0C0E14DB-0C38-4755-8607-6F885FA2790D}"
EndProject
Project("{FAE04EC0-301F-11D3-BF4B-00C04F79EFBC}") = "WorkData.Service.Domain", "WorkData.Service.Domain\WorkData.Service.Domain.csproj", "{B3848F59-4738-4C21-AA23-82588DEDF7D7}"
EndProject
Project("{2150E333-8FDC-42A3-9474-1A3956D46DE8}") = "Web", "Web", "{39B2BE01-D6A8-47C5-982D-0FA611C77B53}"
EndProject
Project("{2150E333-8FDC-42A3-9474-1A3956D46DE8}") = "服务", "服务", "{477DFB28-A714-42E8-B252-5DAB5C95FC21}"
EndProject
Project("{FAE04EC0-301F-11D3-BF4B-00C04F79EFBC}") = "WorkData.TimingConsumer", "WorkData.TimingConsumer\WorkData.TimingConsumer.csproj", "{BAF6F5C3-F594-4B54-BE36-C1FC93E4084D}"
EndProject
Project("{2150E333-8FDC-42A3-9474-1A3956D46DE8}") = "测试", "测试", "{7402142C-F5CF-4663-94A6-4AC20A47D9E7}"
EndProject
Project("{FAE04EC0-301F-11D3-BF4B-00C04F79EFBC}") = "ConsoleTest", "ConsoleTest\ConsoleTest.csproj", "{F670FD92-A269-4414-845F-B707821B2274}"
EndProject
Global
	GlobalSection(SolutionConfigurationPlatforms) = preSolution
		Debug|Any CPU = Debug|Any CPU
		Release|Any CPU = Release|Any CPU
	EndGlobalSection
	GlobalSection(ProjectConfigurationPlatforms) = postSolution
		{0A19D096-18E4-48F3-AF94-26463E32B47A}.Debug|Any CPU.ActiveCfg = Debug|Any CPU
		{0A19D096-18E4-48F3-AF94-26463E32B47A}.Debug|Any CPU.Build.0 = Debug|Any CPU
		{0A19D096-18E4-48F3-AF94-26463E32B47A}.Release|Any CPU.ActiveCfg = Release|Any CPU
		{0A19D096-18E4-48F3-AF94-26463E32B47A}.Release|Any CPU.Build.0 = Release|Any CPU
		{8D5B2264-64A2-4568-9A45-6F84301750C5}.Debug|Any CPU.ActiveCfg = Debug|Any CPU
		{8D5B2264-64A2-4568-9A45-6F84301750C5}.Debug|Any CPU.Build.0 = Debug|Any CPU
		{8D5B2264-64A2-4568-9A45-6F84301750C5}.Release|Any CPU.ActiveCfg = Release|Any CPU
		{8D5B2264-64A2-4568-9A45-6F84301750C5}.Release|Any CPU.Build.0 = Release|Any CPU
		{7B0CBEB6-F32A-42A3-9BE0-D649CB0697D1}.Debug|Any CPU.ActiveCfg = Debug|Any CPU
		{7B0CBEB6-F32A-42A3-9BE0-D649CB0697D1}.Debug|Any CPU.Build.0 = Debug|Any CPU
		{7B0CBEB6-F32A-42A3-9BE0-D649CB0697D1}.Release|Any CPU.ActiveCfg = Release|Any CPU
		{7B0CBEB6-F32A-42A3-9BE0-D649CB0697D1}.Release|Any CPU.Build.0 = Release|Any CPU
		{1541410F-E077-4C5B-B986-C4C630FBE9E0}.Debug|Any CPU.ActiveCfg = Debug|Any CPU
		{1541410F-E077-4C5B-B986-C4C630FBE9E0}.Debug|Any CPU.Build.0 = Debug|Any CPU
		{1541410F-E077-4C5B-B986-C4C630FBE9E0}.Release|Any CPU.ActiveCfg = Release|Any CPU
		{1541410F-E077-4C5B-B986-C4C630FBE9E0}.Release|Any CPU.Build.0 = Release|Any CPU
		{3CDDBD8E-2737-4678-8BAF-B0A65465B5AD}.Debug|Any CPU.ActiveCfg = Debug|Any CPU
		{3CDDBD8E-2737-4678-8BAF-B0A65465B5AD}.Debug|Any CPU.Build.0 = Debug|Any CPU
		{3CDDBD8E-2737-4678-8BAF-B0A65465B5AD}.Release|Any CPU.ActiveCfg = Release|Any CPU
		{3CDDBD8E-2737-4678-8BAF-B0A65465B5AD}.Release|Any CPU.Build.0 = Release|Any CPU
		{A5B5B324-6AFF-4AED-85F4-1E0A15F65B2E}.Debug|Any CPU.ActiveCfg = Debug|Any CPU
		{A5B5B324-6AFF-4AED-85F4-1E0A15F65B2E}.Debug|Any CPU.Build.0 = Debug|Any CPU
		{A5B5B324-6AFF-4AED-85F4-1E0A15F65B2E}.Release|Any CPU.ActiveCfg = Release|Any CPU
		{A5B5B324-6AFF-4AED-85F4-1E0A15F65B2E}.Release|Any CPU.Build.0 = Release|Any CPU
		{CB267884-1ADF-4213-88CF-779F4D3C8217}.Debug|Any CPU.ActiveCfg = Debug|Any CPU
		{CB267884-1ADF-4213-88CF-779F4D3C8217}.Debug|Any CPU.Build.0 = Debug|Any CPU
		{CB267884-1ADF-4213-88CF-779F4D3C8217}.Release|Any CPU.ActiveCfg = Release|Any CPU
		{CB267884-1ADF-4213-88CF-779F4D3C8217}.Release|Any CPU.Build.0 = Release|Any CPU
		{A3DE45B8-605A-4675-B32E-F551E6894D9D}.Debug|Any CPU.ActiveCfg = Debug|Any CPU
		{A3DE45B8-605A-4675-B32E-F551E6894D9D}.Debug|Any CPU.Build.0 = Debug|Any CPU
		{A3DE45B8-605A-4675-B32E-F551E6894D9D}.Release|Any CPU.ActiveCfg = Release|Any CPU
		{A3DE45B8-605A-4675-B32E-F551E6894D9D}.Release|Any CPU.Build.0 = Release|Any CPU
		{098245F4-F80C-47C4-A1BE-2CB8B298CB6C}.Debug|Any CPU.ActiveCfg = Debug|Any CPU
		{098245F4-F80C-47C4-A1BE-2CB8B298CB6C}.Debug|Any CPU.Build.0 = Debug|Any CPU
		{098245F4-F80C-47C4-A1BE-2CB8B298CB6C}.Release|Any CPU.ActiveCfg = Release|Any CPU
		{098245F4-F80C-47C4-A1BE-2CB8B298CB6C}.Release|Any CPU.Build.0 = Release|Any CPU
		{723F014F-413F-4BBF-A853-DAD08E64A210}.Debug|Any CPU.ActiveCfg = Debug|Any CPU
		{723F014F-413F-4BBF-A853-DAD08E64A210}.Debug|Any CPU.Build.0 = Debug|Any CPU
		{723F014F-413F-4BBF-A853-DAD08E64A210}.Release|Any CPU.ActiveCfg = Release|Any CPU
		{723F014F-413F-4BBF-A853-DAD08E64A210}.Release|Any CPU.Build.0 = Release|Any CPU
		{0C0E14DB-0C38-4755-8607-6F885FA2790D}.Debug|Any CPU.ActiveCfg = Debug|Any CPU
		{0C0E14DB-0C38-4755-8607-6F885FA2790D}.Debug|Any CPU.Build.0 = Debug|Any CPU
		{0C0E14DB-0C38-4755-8607-6F885FA2790D}.Release|Any CPU.ActiveCfg = Release|Any CPU
		{0C0E14DB-0C38-4755-8607-6F885FA2790D}.Release|Any CPU.Build.0 = Release|Any CPU
		{B3848F59-4738-4C21-AA23-82588DEDF7D7}.Debug|Any CPU.ActiveCfg = Debug|Any CPU
		{B3848F59-4738-4C21-AA23-82588DEDF7D7}.Debug|Any CPU.Build.0 = Debug|Any CPU
		{B3848F59-4738-4C21-AA23-82588DEDF7D7}.Release|Any CPU.ActiveCfg = Release|Any CPU
		{B3848F59-4738-4C21-AA23-82588DEDF7D7}.Release|Any CPU.Build.0 = Release|Any CPU
		{BAF6F5C3-F594-4B54-BE36-C1FC93E4084D}.Debug|Any CPU.ActiveCfg = Debug|Any CPU
		{BAF6F5C3-F594-4B54-BE36-C1FC93E4084D}.Debug|Any CPU.Build.0 = Debug|Any CPU
		{BAF6F5C3-F594-4B54-BE36-C1FC93E4084D}.Release|Any CPU.ActiveCfg = Release|Any CPU
		{BAF6F5C3-F594-4B54-BE36-C1FC93E4084D}.Release|Any CPU.Build.0 = Release|Any CPU
		{F670FD92-A269-4414-845F-B707821B2274}.Debug|Any CPU.ActiveCfg = Debug|Any CPU
		{F670FD92-A269-4414-845F-B707821B2274}.Debug|Any CPU.Build.0 = Debug|Any CPU
		{F670FD92-A269-4414-845F-B707821B2274}.Release|Any CPU.ActiveCfg = Release|Any CPU
		{F670FD92-A269-4414-845F-B707821B2274}.Release|Any CPU.Build.0 = Release|Any CPU
	EndGlobalSection
	GlobalSection(SolutionProperties) = preSolution
		HideSolutionNode = FALSE
	EndGlobalSection
	GlobalSection(NestedProjects) = preSolution
		{0A19D096-18E4-48F3-AF94-26463E32B47A} = {443BBCE3-1C30-434D-B028-E46FC14C633E}
		{8D5B2264-64A2-4568-9A45-6F84301750C5} = {443BBCE3-1C30-434D-B028-E46FC14C633E}
		{7B0CBEB6-F32A-42A3-9BE0-D649CB0697D1} = {443BBCE3-1C30-434D-B028-E46FC14C633E}
		{1541410F-E077-4C5B-B986-C4C630FBE9E0} = {443BBCE3-1C30-434D-B028-E46FC14C633E}
		{3CDDBD8E-2737-4678-8BAF-B0A65465B5AD} = {651E8C08-83AB-445F-BE58-160A7B592B46}
		{A5B5B324-6AFF-4AED-85F4-1E0A15F65B2E} = {477DFB28-A714-42E8-B252-5DAB5C95FC21}
		{CB267884-1ADF-4213-88CF-779F4D3C8217} = {E9497FED-3F89-47A9-BEE0-39C1E44293E9}
		{A3DE45B8-605A-4675-B32E-F551E6894D9D} = {E9497FED-3F89-47A9-BEE0-39C1E44293E9}
		{098245F4-F80C-47C4-A1BE-2CB8B298CB6C} = {651E8C08-83AB-445F-BE58-160A7B592B46}
		{723F014F-413F-4BBF-A853-DAD08E64A210} = {477DFB28-A714-42E8-B252-5DAB5C95FC21}
		{0C0E14DB-0C38-4755-8607-6F885FA2790D} = {39B2BE01-D6A8-47C5-982D-0FA611C77B53}
		{B3848F59-4738-4C21-AA23-82588DEDF7D7} = {39B2BE01-D6A8-47C5-982D-0FA611C77B53}
		{BAF6F5C3-F594-4B54-BE36-C1FC93E4084D} = {477DFB28-A714-42E8-B252-5DAB5C95FC21}
		{F670FD92-A269-4414-845F-B707821B2274} = {7402142C-F5CF-4663-94A6-4AC20A47D9E7}
	EndGlobalSection
	GlobalSection(ExtensibilityGlobals) = postSolution
		SolutionGuid = {FA756766-A5CB-4513-9F96-F399508E8345}
	EndGlobalSection
EndGlobal
